NeoBundleLock ctrlp.vim fff74986c5439015cf5cc69cf2c6390a40fdd79f
NeoBundleLock neobundle.vim 1306c131ff0a6cc094b7ff0727350e442b5427f1
NeoBundleLock neosnippet-snippets 8a6655a034eb7c12138dad505ef1004bf383a45d
NeoBundleLock neosnippet.vim 0ab419e93f4256baed77229548195402e170afa8
NeoBundleLock vim-airline 841a3551965e729e9f1ccd1aca758bdc84af2abf
NeoBundleLock vim-airline-themes 97cf3e6e638f936187d5f6e9b5eb1bdf0a4df256
NeoBundleLock vim-colorschemes fd8f122cef604330c96a6a6e434682dbdfb878c9
NeoBundleLock vim-commentary 627308e30639be3e2d5402808ce18690557e8292
NeoBundleLock vim-fugitive 5a24c2527584e4e61a706ad7ecb3514ac7031307
NeoBundleLock vim-instant-markdown ed9162ac74e11cf1608da80e407d0c52fa5a93f3
NeoBundleLock vim-surround aeb933272e72617f7c4d35e1f003be16836b948d
NeoBundleLock youcompleteme 9ee19df6bdfbda8e0e5771e117537963a8471cb5
